
Microsoft Visual Studio Solution File, Format Version 12.00
# Visual Studio Version 17
VisualStudioVersion = 17.9.34714.143
MinimumVisualStudioVersion = 10.0.40219.1
Project("{FAE04EC0-301F-11D3-BF4B-00C04F79EFBC}") = "DenGame", "DenGame\DenGame.csproj", "{396261A2-6661-4F72-8AEE-B27C8BAAE8EA}"
EndProject
Global
	GlobalSection(SolutionConfigurationPlatforms) = preSolution
		Debug|Any CPU = Debug|Any CPU
		Release|Any CPU = Release|Any CPU
	EndGlobalSection
	GlobalSection(ProjectConfigurationPlatforms) = postSolution
		{396261A2-6661-4F72-8AEE-B27C8BAAE8EA}.Debug|Any CPU.ActiveCfg = Debug|Any CPU
		{396261A2-6661-4F72-8AEE-B27C8BAAE8EA}.Debug|Any CPU.Build.0 = Debug|Any CPU
		{396261A2-6661-4F72-8AEE-B27C8BAAE8EA}.Release|Any CPU.ActiveCfg = Release|Any CPU
		{396261A2-6661-4F72-8AEE-B27C8BAAE8EA}.Release|Any CPU.Build.0 = Release|Any CPU
	EndGlobalSection
	GlobalSection(SolutionProperties) = preSolution
		HideSolutionNode = FALSE
	EndGlobalSection
	GlobalSection(ExtensibilityGlobals) = postSolution
		SolutionGuid = {05BAC469-0432-486F-AD0A-408834734EB2}
	EndGlobalSection
EndGlobal
